
Microsoft Visual Studio Solution File, Format Version 12.00
# Visual Studio Version 16
VisualStudioVersion = 16.0.29215.179
MinimumVisualStudioVersion = 10.0.40219.1
Project("{FAE04EC0-301F-11D3-BF4B-00C04F79EFBC}") = "Self-Discipline", "Self-Discipline\Self-Discipline.csproj", "{DECC4CBC-0AA7-4459-A777-22D69AFB5039}"
EndProject
Project("{54435603-DBB4-11D2-8724-00A0C9A8B90C}") = "Self-Discipline Setup", "Setup1\Setup1.vdproj", "{BBDFC8AF-8993-4A2D-8D2E-2A418A193FE5}"
EndProject
Project("{54435603-DBB4-11D2-8724-00A0C9A8B90C}") = "SD Setup", "SD Setup\SD Setup.vdproj", "{2A72A4EF-28BE-4865-B1E1-76A7E4002A5F}"
EndProject
Global
	GlobalSection(SolutionConfigurationPlatforms) = preSolution
		Debug|Any CPU = Debug|Any CPU
		Release|Any CPU = Release|Any CPU
	EndGlobalSection
	GlobalSection(ProjectConfigurationPlatforms) = postSolution
		{DECC4CBC-0AA7-4459-A777-22D69AFB5039}.Debug|Any CPU.ActiveCfg = Debug|Any CPU
		{DECC4CBC-0AA7-4459-A777-22D69AFB5039}.Debug|Any CPU.Build.0 = Debug|Any CPU
		{DECC4CBC-0AA7-4459-A777-22D69AFB5039}.Release|Any CPU.ActiveCfg = Release|Any CPU
		{DECC4CBC-0AA7-4459-A777-22D69AFB5039}.Release|Any CPU.Build.0 = Release|Any CPU
		{BBDFC8AF-8993-4A2D-8D2E-2A418A193FE5}.Debug|Any CPU.ActiveCfg = Debug
		{BBDFC8AF-8993-4A2D-8D2E-2A418A193FE5}.Release|Any CPU.ActiveCfg = Release
		{2A72A4EF-28BE-4865-B1E1-76A7E4002A5F}.Debug|Any CPU.ActiveCfg = Debug
		{2A72A4EF-28BE-4865-B1E1-76A7E4002A5F}.Release|Any CPU.ActiveCfg = Release
	EndGlobalSection
	GlobalSection(SolutionProperties) = preSolution
		HideSolutionNode = FALSE
	EndGlobalSection
	GlobalSection(ExtensibilityGlobals) = postSolution
		SolutionGuid = {1D03E536-908A-46B9-964B-F34C6500BF31}
	EndGlobalSection
EndGlobal
